
Microsoft Visual Studio Solution File, Format Version 12.00
# Visual Studio 14
VisualStudioVersion = 14.0.25123.0
MinimumVisualStudioVersion = 10.0.40219.1
Project("{7259B6FD-BD90-43A8-BE81-1AE2FE8FCDE1}") = "Sitecore.Support.131108", "Sitecore.Support.131108\Sitecore.Support.131108.csproj", "{0D775DFC-A6C2-4241-B638-815FC40B5608}"
EndProject
Global
	GlobalSection(SolutionConfigurationPlatforms) = preSolution
		Debug|Any CPU = Debug|Any CPU
		Release|Any CPU = Release|Any CPU
	EndGlobalSection
	GlobalSection(ProjectConfigurationPlatforms) = postSolution
		{0D775DFC-A6C2-4241-B638-815FC40B5608}.Debug|Any CPU.ActiveCfg = Debug|Any CPU
		{0D775DFC-A6C2-4241-B638-815FC40B5608}.Debug|Any CPU.Build.0 = Debug|Any CPU
		{0D775DFC-A6C2-4241-B638-815FC40B5608}.Release|Any CPU.ActiveCfg = Release|Any CPU
		{0D775DFC-A6C2-4241-B638-815FC40B5608}.Release|Any CPU.Build.0 = Release|Any CPU
	EndGlobalSection
	GlobalSection(SolutionProperties) = preSolution
		HideSolutionNode = FALSE
	EndGlobalSection
EndGlobal
